# This file is automatically @generated by Cargo.
# It is not intended for manual editing.
version = 3

[[package]]
name = "backend-build-workflows-test-run"
version = "0.1.0"
dependencies = [
 "time",
]

[[package]]
name = "deranged"
version = "0.3.7"
source = "registry+https://github.com/rust-lang/crates.io-index"
checksum = "7684a49fb1af197853ef7b2ee694bc1f5b4179556f1e5710e1760c5db6f5e929"

[[package]]
name = "serde"
version = "1.0.183"
source = "registry+https://github.com/rust-lang/crates.io-index"
checksum = "32ac8da02677876d532745a130fc9d8e6edfa81a269b107c5b00829b91d8eb3c"

[[package]]
name = "time"
version = "0.3.25"
source = "registry+https://github.com/rust-lang/crates.io-index"
checksum = "b0fdd63d58b18d663fbdf70e049f00a22c8e42be082203be7f26589213cd75ea"
dependencies = [
 "deranged",
 "serde",
 "time-core",
]

[[package]]
name = "time-core"
version = "0.1.1"
source = "registry+https://github.com/rust-lang/crates.io-index"
checksum = "7300fbefb4dadc1af235a9cef3737cea692a9d97e1b9cbcd4ebdae6f8868e6fb"
